PODS:
  - Bolts (1.9.0):
    - Bolts/AppLinks (= 1.9.0)
    - Bolts/Tasks (= 1.9.0)
  - Bolts/AppLinks (1.9.0):
    - Bolts/Tasks
  - Bolts/Tasks (1.9.0)
  - FBSDKCoreKit (4.33.0):
    - Bolts (~> 1.7)
  - FBSDKLoginKit (4.33.0):
    - FBSDKCoreKit
  - FirebaseAnalytics (3.9.0):
    - FirebaseCore (~> 3.6)
    - FirebaseInstanceID (~> 1.0)
    - GoogleToolboxForMac/NSData+zlib (~> 2.1)
  - FirebaseCore (3.6.0):
    - GoogleToolboxForMac/NSData+zlib (~> 2.1)
  - FirebaseInstanceID (1.0.10):
    - FirebaseCore (~> 3.6)
  - Google/Core (3.1.0):
    - FirebaseAnalytics (~> 3.2)
  - Google/SignIn (3.1.0):
    - Google/Core
    - GoogleSignIn (~> 4.0)
  - GoogleSignIn (4.1.2):
    - GoogleToolboxForMac/NSDictionary+URLArguments (~> 2.1)
    - GoogleToolboxForMac/NSString+URLArguments (~> 2.1)
    - GTMOAuth2 (~> 1.0)
    - GTMSessionFetcher/Core (~> 1.1)
  - GoogleToolboxForMac/DebugUtils (2.1.4):
    - GoogleToolboxForMac/Defines (= 2.1.4)
  - GoogleToolboxForMac/Defines (2.1.4)
  - GoogleToolboxForMac/NSData+zlib (2.1.4):
    - GoogleToolboxForMac/Defines (= 2.1.4)
  - GoogleToolboxForMac/NSDictionary+URLArguments (2.1.4):
    - GoogleToolboxForMac/DebugUtils (= 2.1.4)
    - GoogleToolboxForMac/Defines (= 2.1.4)
    - GoogleToolboxForMac/NSString+URLArguments (= 2.1.4)
  - GoogleToolboxForMac/NSString+URLArguments (2.1.4)
  - GTMOAuth2 (1.1.6):
    - GTMSessionFetcher (~> 1.1)
  - GTMSessionFetcher (1.1.15):
    - GTMSessionFetcher/Full (= 1.1.15)
  - GTMSessionFetcher/Core (1.1.15)
  - GTMSessionFetcher/Full (1.1.15):
    - GTMSessionFetcher/Core (= 1.1.15)
  - Validator (3.0.2)

DEPENDENCIES:
  - Bolts
  - FBSDKCoreKit
  - FBSDKLoginKit
  - Google/SignIn
  - Validator

SPEC CHECKSUMS:
  Bolts: ac6567323eac61e203f6a9763667d0f711be34c8
  FBSDKCoreKit: 572b047a7e029bc44542bcf8a59414e7ff2b543e
  FBSDKLoginKit: 88cb456349cfb3b554427ce4f8b43729d85dfb40
  FirebaseAnalytics: e5fe8486efc01bec33f6bf82e2fa9fce4b124052
  FirebaseCore: 9691ee2ade70c098d7cf92440f4303f16d83ca75
  FirebaseInstanceID: b9eedd6846fb5e1f0f7279e1deaa7a7e4cf8392e
  Google: 98da4b1a60ed0beb80a290387a28333406a1eb90
  GoogleSignIn: d9ef55b10f0aa401a5de2747f59b725e4b9732ac
  GoogleToolboxForMac: 91c824d21e85b31c2aae9bb011c5027c9b4e738f
  GTMOAuth2: c77fe325e4acd453837e72d91e3b5f13116857b2
  GTMSessionFetcher: 5fa5b80fd20e439ef5f545fb2cb3ca6c6714caa2
  Validator: bf211c1d71b3f910d230c09c70e62429d0fef63a

PODFILE CHECKSUM: 7b308e54fe3ad1cdbaf7fc28969007047fa6f697

COCOAPODS: 1.4.0
